
Microsoft Visual Studio Solution File, Format Version 12.00
# Visual Studio Version 17
VisualStudioVersion = 17.7.34202.233
MinimumVisualStudioVersion = 10.0.40219.1
Project("{FAE04EC0-301F-11D3-BF4B-00C04F79EFBC}") = "Coren", "Coren\Coren.csproj", "{F245A756-D063-4B80-A58E-034F7E85C492}"
EndProject
Global
	GlobalSection(SolutionConfigurationPlatforms) = preSolution
		Debug|Any CPU = Debug|Any CPU
		Release|Any CPU = Release|Any CPU
	EndGlobalSection
	GlobalSection(ProjectConfigurationPlatforms) = postSolution
		{F245A756-D063-4B80-A58E-034F7E85C492}.Debug|Any CPU.ActiveCfg = Debug|Any CPU
		{F245A756-D063-4B80-A58E-034F7E85C492}.Debug|Any CPU.Build.0 = Debug|Any CPU
		{F245A756-D063-4B80-A58E-034F7E85C492}.Release|Any CPU.ActiveCfg = Release|Any CPU
		{F245A756-D063-4B80-A58E-034F7E85C492}.Release|Any CPU.Build.0 = Release|Any CPU
	EndGlobalSection
	GlobalSection(SolutionProperties) = preSolution
		HideSolutionNode = FALSE
	EndGlobalSection
	GlobalSection(ExtensibilityGlobals) = postSolution
		SolutionGuid = {F1DD8111-D2B1-476E-A26F-41E96777C5E7}
	EndGlobalSection
EndGlobal
